github.com/jepsen-io/maelstrom/demo/go v0.0.0-20230623004240-10f5c7f61e0e h1:dJHk7j5HDmuLqqVjRUt1kuSRBRQLxmm9CdZ1B9kpa98=
github.com/jepsen-io/maelstrom/demo/go v0.0.0-20230623004240-10f5c7f61e0e/go.mod h1:i6aVIs5AIOOaQF1lAisBm7DDeWM1Iopf+26UxjagsCU=
golang.org/x/exp v0.0.0-20230626212559-97b1e661b5df h1:UA2aFVmmsIlefxMk29Dp2juaUSth8Pyn3Tq5Y5mJGME=
golang.org/x/exp v0.0.0-20230626212559-97b1e661b5df/go.mod h1:FXUEEKJgO7OQYeo8N01OfiKP8RXMtf6e8aTskBGqWdc=
